
Microsoft Visual Studio Solution File, Format Version 12.00
# Visual Studio Version 17
VisualStudioVersion = 17.0.31903.59
MinimumVisualStudioVersion = 10.0.40219.1
Project("{FAE04EC0-301F-11D3-BF4B-00C04F79EFBC}") = "Domain", "Domain\Domain.csproj", "{0E7A98DE-2452-47DF-9956-55832AE2344C}"
EndProject
Project("{FAE04EC0-301F-11D3-BF4B-00C04F79EFBC}") = "Infrastructure", "Infrastructure\Infrastructure.csproj", "{D581E37C-A9A9-41DF-AACB-1D870F00CF83}"
EndProject
Project("{FAE04EC0-301F-11D3-BF4B-00C04F79EFBC}") = "RazorApp", "RazorApp\RazorApp.csproj", "{CCC23392-2EBF-4262-8B45-03D5C8562622}"
EndProject
Global
	GlobalSection(SolutionConfigurationPlatforms) = preSolution
		Debug|Any CPU = Debug|Any CPU
		Release|Any CPU = Release|Any CPU
	EndGlobalSection
	GlobalSection(SolutionProperties) = preSolution
		HideSolutionNode = FALSE
	EndGlobalSection
	GlobalSection(ProjectConfigurationPlatforms) = postSolution
		{0E7A98DE-2452-47DF-9956-55832AE2344C}.Debug|Any CPU.ActiveCfg = Debug|Any CPU
		{0E7A98DE-2452-47DF-9956-55832AE2344C}.Debug|Any CPU.Build.0 = Debug|Any CPU
		{0E7A98DE-2452-47DF-9956-55832AE2344C}.Release|Any CPU.ActiveCfg = Release|Any CPU
		{0E7A98DE-2452-47DF-9956-55832AE2344C}.Release|Any CPU.Build.0 = Release|Any CPU
		{D581E37C-A9A9-41DF-AACB-1D870F00CF83}.Debug|Any CPU.ActiveCfg = Debug|Any CPU
		{D581E37C-A9A9-41DF-AACB-1D870F00CF83}.Debug|Any CPU.Build.0 = Debug|Any CPU
		{D581E37C-A9A9-41DF-AACB-1D870F00CF83}.Release|Any CPU.ActiveCfg = Release|Any CPU
		{D581E37C-A9A9-41DF-AACB-1D870F00CF83}.Release|Any CPU.Build.0 = Release|Any CPU
		{CCC23392-2EBF-4262-8B45-03D5C8562622}.Debug|Any CPU.ActiveCfg = Debug|Any CPU
		{CCC23392-2EBF-4262-8B45-03D5C8562622}.Debug|Any CPU.Build.0 = Debug|Any CPU
		{CCC23392-2EBF-4262-8B45-03D5C8562622}.Release|Any CPU.ActiveCfg = Release|Any CPU
		{CCC23392-2EBF-4262-8B45-03D5C8562622}.Release|Any CPU.Build.0 = Release|Any CPU
	EndGlobalSection
EndGlobal
